
Microsoft Visual Studio Solution File, Format Version 12.00
# Visual Studio Version 16
VisualStudioVersion = 16.0.30709.132
MinimumVisualStudioVersion = 15.0.26124.0
Project("{9A19103F-16F7-4668-BE54-9A1E7A4F7556}") = "Pwsh", "Pwsh\Pwsh.csproj", "{316EE759-87EA-4F1A-A4C9-6C6C84EB5727}"
EndProject
Project("{9A19103F-16F7-4668-BE54-9A1E7A4F7556}") = "Pwsh.Tests", "Pwsh.Tests\Pwsh.Tests.csproj", "{25A90464-311C-4356-98FB-E154136C7750}"
EndProject
Project("{2150E333-8FDC-42A3-9474-1A3956D46DE8}") = "Solution Items", "Solution Items", "{18A0C8D1-93CB-4B3C-899D-398186CC711D}"
	ProjectSection(SolutionItems) = preProject
		.editorconfig = .editorconfig
		.gitignore = .gitignore
		.gitlab-ci.yml = .gitlab-ci.yml
		LICENSE = LICENSE
		Pwsh.sln.DotSettings = Pwsh.sln.DotSettings
		README.md = README.md
	EndProjectSection
EndProject
Global
	GlobalSection(SolutionConfigurationPlatforms) = preSolution
		Debug|Any CPU = Debug|Any CPU
		Debug|x64 = Debug|x64
		Debug|x86 = Debug|x86
		Release|Any CPU = Release|Any CPU
		Release|x64 = Release|x64
		Release|x86 = Release|x86
	EndGlobalSection
	GlobalSection(ProjectConfigurationPlatforms) = postSolution
		{316EE759-87EA-4F1A-A4C9-6C6C84EB5727}.Debug|Any CPU.ActiveCfg = Debug|Any CPU
		{316EE759-87EA-4F1A-A4C9-6C6C84EB5727}.Debug|Any CPU.Build.0 = Debug|Any CPU
		{316EE759-87EA-4F1A-A4C9-6C6C84EB5727}.Debug|x64.ActiveCfg = Debug|Any CPU
		{316EE759-87EA-4F1A-A4C9-6C6C84EB5727}.Debug|x64.Build.0 = Debug|Any CPU
		{316EE759-87EA-4F1A-A4C9-6C6C84EB5727}.Debug|x86.ActiveCfg = Debug|Any CPU
		{316EE759-87EA-4F1A-A4C9-6C6C84EB5727}.Debug|x86.Build.0 = Debug|Any CPU
		{316EE759-87EA-4F1A-A4C9-6C6C84EB5727}.Release|Any CPU.ActiveCfg = Release|Any CPU
		{316EE759-87EA-4F1A-A4C9-6C6C84EB5727}.Release|Any CPU.Build.0 = Release|Any CPU
		{316EE759-87EA-4F1A-A4C9-6C6C84EB5727}.Release|x64.ActiveCfg = Release|Any CPU
		{316EE759-87EA-4F1A-A4C9-6C6C84EB5727}.Release|x64.Build.0 = Release|Any CPU
		{316EE759-87EA-4F1A-A4C9-6C6C84EB5727}.Release|x86.ActiveCfg = Release|Any CPU
		{316EE759-87EA-4F1A-A4C9-6C6C84EB5727}.Release|x86.Build.0 = Release|Any CPU
		{25A90464-311C-4356-98FB-E154136C7750}.Debug|Any CPU.ActiveCfg = Debug|Any CPU
		{25A90464-311C-4356-98FB-E154136C7750}.Debug|Any CPU.Build.0 = Debug|Any CPU
		{25A90464-311C-4356-98FB-E154136C7750}.Debug|x64.ActiveCfg = Debug|Any CPU
		{25A90464-311C-4356-98FB-E154136C7750}.Debug|x64.Build.0 = Debug|Any CPU
		{25A90464-311C-4356-98FB-E154136C7750}.Debug|x86.ActiveCfg = Debug|Any CPU
		{25A90464-311C-4356-98FB-E154136C7750}.Debug|x86.Build.0 = Debug|Any CPU
		{25A90464-311C-4356-98FB-E154136C7750}.Release|Any CPU.ActiveCfg = Release|Any CPU
		{25A90464-311C-4356-98FB-E154136C7750}.Release|Any CPU.Build.0 = Release|Any CPU
		{25A90464-311C-4356-98FB-E154136C7750}.Release|x64.ActiveCfg = Release|Any CPU
		{25A90464-311C-4356-98FB-E154136C7750}.Release|x64.Build.0 = Release|Any CPU
		{25A90464-311C-4356-98FB-E154136C7750}.Release|x86.ActiveCfg = Release|Any CPU
		{25A90464-311C-4356-98FB-E154136C7750}.Release|x86.Build.0 = Release|Any CPU
	EndGlobalSection
	GlobalSection(SolutionProperties) = preSolution
		HideSolutionNode = FALSE
	EndGlobalSection
	GlobalSection(ExtensibilityGlobals) = postSolution
		SolutionGuid = {C9A1237A-233A-4EE6-ACEA-2CFA5A2F5DA6}
	EndGlobalSection
EndGlobal
